
Microsoft Visual Studio Solution File, Format Version 12.00
Project("{FAE04EC0-301F-11D3-BF4B-00C04F79EFBC}") = "Gateway", "deployable projects\Gateway\Gateway.csproj", "{83D39519-3C11-425D-887B-49CAAB721716}"
EndProject
Project("{FAE04EC0-301F-11D3-BF4B-00C04F79EFBC}") = "LocationConsumer", "deployable projects\LocationConsumer\LocationConsumer.csproj", "{A9B9116C-ADC0-4490-8589-906EF63C1825}"
EndProject
Project("{FAE04EC0-301F-11D3-BF4B-00C04F79EFBC}") = "LocationApi", "deployable projects\LocationApi\LocationApi.csproj", "{E4A45022-5370-43A2-9EE2-128ADD838A81}"
EndProject
Project("{FAE04EC0-301F-11D3-BF4B-00C04F79EFBC}") = "TractorService", "deployable projects\TractorService\TractorService.csproj", "{E1371C05-BB38-461F-A443-8FA51281CDCC}"
EndProject
Project("{FAE04EC0-301F-11D3-BF4B-00C04F79EFBC}") = "AlarmService", "deployable projects\AlarmService\AlarmService.csproj", "{6C740AF1-2C26-4B3C-9986-04B0CC91659E}"
EndProject
Global
	GlobalSection(SolutionConfigurationPlatforms) = preSolution
		Debug|Any CPU = Debug|Any CPU
		Release|Any CPU = Release|Any CPU
	EndGlobalSection
	GlobalSection(ProjectConfigurationPlatforms) = postSolution
		{83D39519-3C11-425D-887B-49CAAB721716}.Debug|Any CPU.ActiveCfg = Debug|Any CPU
		{83D39519-3C11-425D-887B-49CAAB721716}.Debug|Any CPU.Build.0 = Debug|Any CPU
		{83D39519-3C11-425D-887B-49CAAB721716}.Release|Any CPU.ActiveCfg = Release|Any CPU
		{83D39519-3C11-425D-887B-49CAAB721716}.Release|Any CPU.Build.0 = Release|Any CPU
		{A9B9116C-ADC0-4490-8589-906EF63C1825}.Debug|Any CPU.ActiveCfg = Debug|Any CPU
		{A9B9116C-ADC0-4490-8589-906EF63C1825}.Debug|Any CPU.Build.0 = Debug|Any CPU
		{A9B9116C-ADC0-4490-8589-906EF63C1825}.Release|Any CPU.ActiveCfg = Release|Any CPU
		{A9B9116C-ADC0-4490-8589-906EF63C1825}.Release|Any CPU.Build.0 = Release|Any CPU
		{E4A45022-5370-43A2-9EE2-128ADD838A81}.Debug|Any CPU.ActiveCfg = Debug|Any CPU
		{E4A45022-5370-43A2-9EE2-128ADD838A81}.Debug|Any CPU.Build.0 = Debug|Any CPU
		{E4A45022-5370-43A2-9EE2-128ADD838A81}.Release|Any CPU.ActiveCfg = Release|Any CPU
		{E4A45022-5370-43A2-9EE2-128ADD838A81}.Release|Any CPU.Build.0 = Release|Any CPU
		{E1371C05-BB38-461F-A443-8FA51281CDCC}.Debug|Any CPU.ActiveCfg = Debug|Any CPU
		{E1371C05-BB38-461F-A443-8FA51281CDCC}.Debug|Any CPU.Build.0 = Debug|Any CPU
		{E1371C05-BB38-461F-A443-8FA51281CDCC}.Release|Any CPU.ActiveCfg = Release|Any CPU
		{E1371C05-BB38-461F-A443-8FA51281CDCC}.Release|Any CPU.Build.0 = Release|Any CPU
		{6C740AF1-2C26-4B3C-9986-04B0CC91659E}.Debug|Any CPU.ActiveCfg = Debug|Any CPU
		{6C740AF1-2C26-4B3C-9986-04B0CC91659E}.Debug|Any CPU.Build.0 = Debug|Any CPU
		{6C740AF1-2C26-4B3C-9986-04B0CC91659E}.Release|Any CPU.ActiveCfg = Release|Any CPU
		{6C740AF1-2C26-4B3C-9986-04B0CC91659E}.Release|Any CPU.Build.0 = Release|Any CPU
	EndGlobalSection
EndGlobal
